<?xml version="1.0" encoding="utf-8"?>
<Project ToolsVersion="4.0" xmlns="http://schemas.microsoft.com/developer/msbuild/2003">
  <ItemGroup>
    <Filter Include="Исходные файлы">
      <UniqueIdentifier>{4FC737F1-C7A5-4376-A066-2A32D752A2FF}</UniqueIdentifier>
      <Extensions>cpp;c;cc;cxx;def;odl;idl;hpj;bat;asm;asmx</Extensions>
    </Filter>
    <Filter Include="Файлы заголовков">
      <UniqueIdentifier>{93995380-89BD-4b04-88EB-625FBE52EBFB}</UniqueIdentifier>
      <Extensions>h;hh;hpp;hxx;hm;inl;inc;ipp;xsd</Extensions>
    </Filter>
    <Filter Include="Файлы ресурсов">
      <UniqueIdentifier>{67DA6AB6-F800-4c08-8B7A-83BB121AAD01}</UniqueIdentifier>
      <Extensions>rc;ico;cur;bmp;dlg;rc2;rct;bin;rgs;gif;jpg;jpeg;jpe;resx;tiff;tif;png;wav;mfcribbon-ms</Extensions>
    </Filter>
  </ItemGroup>
  <ItemGroup>
    <ClCompile Include="main.cpp">
      <Filter>Исходные файлы</Filter>
    </ClCompile>
    <ClCompile Include="RedactorMap.cpp">
      <Filter>Исходные файлы</Filter>
    </ClCompile>
    <ClCompile Include="CMap.cpp">
      <Filter>Исходные файлы</Filter>
    </ClCompile>
    <ClCompile Include="CTile.cpp">
      <Filter>Исходные файлы</Filter>
    </ClCompile>
    <ClCompile Include="TextureCache.cpp">
      <Filter>Исходные файлы</Filter>
    </ClCompile>
    <ClCompile Include="CSurface.cpp">
      <Filter>Исходные файлы</Filter>
    </ClCompile>
    <ClCompile Include="CCamera.cpp">
      <Filter>Исходные файлы</Filter>
    </ClCompile>
    <ClCompile Include="CTank.cpp">
      <Filter>Исходные файлы</Filter>
    </ClCompile>
    <ClCompile Include="Game.cpp">
      <Filter>Исходные файлы</Filter>
    </ClCompile>
    <ClCompile Include="CPlayer.cpp">
      <Filter>Исходные файлы</Filter>
    </ClCompile>
    <ClCompile Include="CBullet.cpp">
      <Filter>Исходные файлы</Filter>
    </ClCompile>
    <ClCompile Include="CBot.cpp">
      <Filter>Исходные файлы</Filter>
    </ClCompile>
  </ItemGroup>
  <ItemGroup>
    <ClInclude Include="RedactorMap.h">
      <Filter>Файлы заголовков</Filter>
    </ClInclude>
    <ClInclude Include="CMap.h">
      <Filter>Файлы заголовков</Filter>
    </ClInclude>
    <ClInclude Include="CTile.h">
      <Filter>Файлы заголовков</Filter>
    </ClInclude>
    <ClInclude Include="TextureCache.h">
      <Filter>Файлы заголовков</Filter>
    </ClInclude>
    <ClInclude Include="CSurface.h">
      <Filter>Файлы заголовков</Filter>
    </ClInclude>
    <ClInclude Include="CCamera.h">
      <Filter>Файлы заголовков</Filter>
    </ClInclude>
    <ClInclude Include="CTank.h">
      <Filter>Файлы заголовков</Filter>
    </ClInclude>
    <ClInclude Include="Define.h">
      <Filter>Файлы заголовков</Filter>
    </ClInclude>
    <ClInclude Include="Game.h">
      <Filter>Файлы заголовков</Filter>
    </ClInclude>
    <ClInclude Include="CPlayer.h">
      <Filter>Файлы заголовков</Filter>
    </ClInclude>
    <ClInclude Include="CBullet.h">
      <Filter>Файлы заголовков</Filter>
    </ClInclude>
    <ClInclude Include="CBot.h">
      <Filter>Файлы заголовков</Filter>
    </ClInclude>
  </ItemGroup>
  <ItemGroup>
    <Text Include="map\generator.txt" />
  </ItemGroup>
  <ItemGroup>
    <Image Include="texture\loka\earth.bmp">
      <Filter>Файлы ресурсов</Filter>
    </Image>
    <Image Include="texture\loka\wall.bmp">
      <Filter>Файлы ресурсов</Filter>
    </Image>
    <Image Include="texture\loka\BBox.bmp">
      <Filter>Файлы ресурсов</Filter>
    </Image>
    <Image Include="texture\loka\RBox.bmp">
      <Filter>Файлы ресурсов</Filter>
    </Image>
    <Image Include="texture\tanks\IS1.bmp">
      <Filter>Файлы ресурсов</Filter>
    </Image>
    <Image Include="texture\tanks\IS1Hull.bmp">
      <Filter>Файлы ресурсов</Filter>
    </Image>
    <Image Include="texture\tanks\IS1Turret.bmp">
      <Filter>Файлы ресурсов</Filter>
    </Image>
    <Image Include="texture\tanks\IS1TurretV2.bmp">
      <Filter>Файлы ресурсов</Filter>
    </Image>
    <Image Include="texture\tanks\IS1HullV2.bmp">
      <Filter>Файлы ресурсов</Filter>
    </Image>
    <Image Include="texture\tanks\bullet.bmp">
      <Filter>Файлы ресурсов</Filter>
    </Image>
    <Image Include="texture\tanks\Tiger2.bmp">
      <Filter>Файлы ресурсов</Filter>
    </Image>
    <Image Include="texture\tanks\Tiger2Hull.bmp">
      <Filter>Файлы ресурсов</Filter>
    </Image>
    <Image Include="texture\tanks\Tiger2Turret.bmp">
      <Filter>Файлы ресурсов</Filter>
    </Image>
  </ItemGroup>
  <ItemGroup>
    <None Include="SDL2.dll" />
  </ItemGroup>
</Project>